
Microsoft Visual Studio Solution File, Format Version 12.00
# Visual Studio Version 16
VisualStudioVersion = 25.0.1705.6
MinimumVisualStudioVersion = 10.0.40219.1
Project("{FAE04EC0-301F-11D3-BF4B-00C04F79EFBC}") = "SEOTest", "SEOTest\SEOTest.csproj", "{269254A6-50C1-4148-8D3C-AC07AFB611E8}"
EndProject
Global
	GlobalSection(SolutionConfigurationPlatforms) = preSolution
		Debug|Any CPU = Debug|Any CPU
		Release|Any CPU = Release|Any CPU
	EndGlobalSection
	GlobalSection(ProjectConfigurationPlatforms) = postSolution
		{269254A6-50C1-4148-8D3C-AC07AFB611E8}.Debug|Any CPU.ActiveCfg = Debug|Any CPU
		{269254A6-50C1-4148-8D3C-AC07AFB611E8}.Debug|Any CPU.Build.0 = Debug|Any CPU
		{269254A6-50C1-4148-8D3C-AC07AFB611E8}.Release|Any CPU.ActiveCfg = Release|Any CPU
		{269254A6-50C1-4148-8D3C-AC07AFB611E8}.Release|Any CPU.Build.0 = Release|Any CPU
	EndGlobalSection
	GlobalSection(SolutionProperties) = preSolution
		HideSolutionNode = FALSE
	EndGlobalSection
	GlobalSection(ExtensibilityGlobals) = postSolution
		SolutionGuid = {E1C61499-5E2D-42B6-9367-479A54F4D9D9}
	EndGlobalSection
EndGlobal
